
Microsoft Visual Studio Solution File, Format Version 12.00
# Visual Studio Version 17
VisualStudioVersion = 17.8.34322.80
MinimumVisualStudioVersion = 10.0.40219.1
Project("{2150E333-8FDC-42A3-9474-1A3956D46DE8}") = "Domain", "Domain", "{02FA8387-A4A7-4133-AF22-8AF1E7E1CCA5}"
EndProject
Project("{2150E333-8FDC-42A3-9474-1A3956D46DE8}") = "Infra.Bus", "Infra.Bus", "{43238EE5-92DD-4B8A-8D9B-EB879F64FC06}"
EndProject
Project("{2150E333-8FDC-42A3-9474-1A3956D46DE8}") = "Infra.IoC", "Infra.IoC", "{6A113968-DFB8-4105-8B73-BF979F36ACAF}"
EndProject
Project("{2150E333-8FDC-42A3-9474-1A3956D46DE8}") = "Microservices", "Microservices", "{1EAECC14-EFAC-4789-8CA6-C4C02E23FD62}"
EndProject
Project("{2150E333-8FDC-42A3-9474-1A3956D46DE8}") = "Presentation", "Presentation", "{FD5A21CA-AB06-48EA-A3D7-117209AA2334}"
EndProject
Project("{9A19103F-16F7-4668-BE54-9A1E7A4F7556}") = "MicroRabbit.Domain.Core", "MicroRabbit.Domain.Core\MicroRabbit.Domain.Core.csproj", "{E0836235-0665-48A9-8E53-98237CA285EA}"
EndProject
Project("{FAE04EC0-301F-11D3-BF4B-00C04F79EFBC}") = "MicroRabbit.Infra.Bus", "MicroRabbit.Infra.Bus\MicroRabbit.Infra.Bus.csproj", "{37B32242-C219-4799-A592-9CBBF68464EA}"
EndProject
Project("{FAE04EC0-301F-11D3-BF4B-00C04F79EFBC}") = "MicroRabbit.Infra.IoC", "MicroRabbit.Infra.IoC\MicroRabbit.Infra.IoC.csproj", "{779F58A0-53A8-4FFB-A02C-1FA22CF66D53}"
EndProject
Project("{2150E333-8FDC-42A3-9474-1A3956D46DE8}") = "Banking", "Banking", "{86F56675-F746-4568-B434-00DED8FA43BD}"
EndProject
Project("{2150E333-8FDC-42A3-9474-1A3956D46DE8}") = "Api", "Api", "{16BC664B-6A1E-4028-A733-CEDEAE4B04A2}"
EndProject
Project("{2150E333-8FDC-42A3-9474-1A3956D46DE8}") = "Domain", "Domain", "{B32CE5A3-40B6-4499-A072-638DF058C8B0}"
EndProject
Project("{2150E333-8FDC-42A3-9474-1A3956D46DE8}") = "Application", "Application", "{73BAA8CA-D5D2-44BB-8C40-EB73F57FFD1F}"
EndProject
Project("{2150E333-8FDC-42A3-9474-1A3956D46DE8}") = "Data", "Data", "{DFD0817E-4488-416E-9129-BD961A4082F4}"
EndProject
Project("{FAE04EC0-301F-11D3-BF4B-00C04F79EFBC}") = "MicroRabbit.Banking.Api", "MicroRabbit.Banking.Api\MicroRabbit.Banking.Api.csproj", "{2013046E-2206-4763-9FBA-63047C4D00EA}"
EndProject
Project("{FAE04EC0-301F-11D3-BF4B-00C04F79EFBC}") = "MicroRabbit.Banking.Application", "MicroRabbit.Banking.Application\MicroRabbit.Banking.Application.csproj", "{4620CFB0-462D-4443-B96E-C03C7816D76E}"
EndProject
Project("{FAE04EC0-301F-11D3-BF4B-00C04F79EFBC}") = "MicroRabbit.Banking.Data", "MicroRabbit.Banking.Data\MicroRabbit.Banking.Data.csproj", "{D6E026D9-4032-4D81-82D4-4EDA9F373B3A}"
EndProject
Project("{FAE04EC0-301F-11D3-BF4B-00C04F79EFBC}") = "MicroRabbit.Banking.Domain", "MicroRabbit.Banking.Domain\MicroRabbit.Banking.Domain.csproj", "{6509AC4C-602C-4B18-886D-2E5B28DE7109}"
EndProject
Global
	GlobalSection(SolutionConfigurationPlatforms) = preSolution
		Debug|Any CPU = Debug|Any CPU
		Release|Any CPU = Release|Any CPU
	EndGlobalSection
	GlobalSection(ProjectConfigurationPlatforms) = postSolution
		{E0836235-0665-48A9-8E53-98237CA285EA}.Debug|Any CPU.ActiveCfg = Debug|Any CPU
		{E0836235-0665-48A9-8E53-98237CA285EA}.Debug|Any CPU.Build.0 = Debug|Any CPU
		{E0836235-0665-48A9-8E53-98237CA285EA}.Release|Any CPU.ActiveCfg = Release|Any CPU
		{E0836235-0665-48A9-8E53-98237CA285EA}.Release|Any CPU.Build.0 = Release|Any CPU
		{37B32242-C219-4799-A592-9CBBF68464EA}.Debug|Any CPU.ActiveCfg = Debug|Any CPU
		{37B32242-C219-4799-A592-9CBBF68464EA}.Debug|Any CPU.Build.0 = Debug|Any CPU
		{37B32242-C219-4799-A592-9CBBF68464EA}.Release|Any CPU.ActiveCfg = Release|Any CPU
		{37B32242-C219-4799-A592-9CBBF68464EA}.Release|Any CPU.Build.0 = Release|Any CPU
		{779F58A0-53A8-4FFB-A02C-1FA22CF66D53}.Debug|Any CPU.ActiveCfg = Debug|Any CPU
		{779F58A0-53A8-4FFB-A02C-1FA22CF66D53}.Debug|Any CPU.Build.0 = Debug|Any CPU
		{779F58A0-53A8-4FFB-A02C-1FA22CF66D53}.Release|Any CPU.ActiveCfg = Release|Any CPU
		{779F58A0-53A8-4FFB-A02C-1FA22CF66D53}.Release|Any CPU.Build.0 = Release|Any CPU
		{2013046E-2206-4763-9FBA-63047C4D00EA}.Debug|Any CPU.ActiveCfg = Debug|Any CPU
		{2013046E-2206-4763-9FBA-63047C4D00EA}.Debug|Any CPU.Build.0 = Debug|Any CPU
		{2013046E-2206-4763-9FBA-63047C4D00EA}.Release|Any CPU.ActiveCfg = Release|Any CPU
		{2013046E-2206-4763-9FBA-63047C4D00EA}.Release|Any CPU.Build.0 = Release|Any CPU
		{4620CFB0-462D-4443-B96E-C03C7816D76E}.Debug|Any CPU.ActiveCfg = Debug|Any CPU
		{4620CFB0-462D-4443-B96E-C03C7816D76E}.Debug|Any CPU.Build.0 = Debug|Any CPU
		{4620CFB0-462D-4443-B96E-C03C7816D76E}.Release|Any CPU.ActiveCfg = Release|Any CPU
		{4620CFB0-462D-4443-B96E-C03C7816D76E}.Release|Any CPU.Build.0 = Release|Any CPU
		{D6E026D9-4032-4D81-82D4-4EDA9F373B3A}.Debug|Any CPU.ActiveCfg = Debug|Any CPU
		{D6E026D9-4032-4D81-82D4-4EDA9F373B3A}.Debug|Any CPU.Build.0 = Debug|Any CPU
		{D6E026D9-4032-4D81-82D4-4EDA9F373B3A}.Release|Any CPU.ActiveCfg = Release|Any CPU
		{D6E026D9-4032-4D81-82D4-4EDA9F373B3A}.Release|Any CPU.Build.0 = Release|Any CPU
		{6509AC4C-602C-4B18-886D-2E5B28DE7109}.Debug|Any CPU.ActiveCfg = Debug|Any CPU
		{6509AC4C-602C-4B18-886D-2E5B28DE7109}.Debug|Any CPU.Build.0 = Debug|Any CPU
		{6509AC4C-602C-4B18-886D-2E5B28DE7109}.Release|Any CPU.ActiveCfg = Release|Any CPU
		{6509AC4C-602C-4B18-886D-2E5B28DE7109}.Release|Any CPU.Build.0 = Release|Any CPU
	EndGlobalSection
	GlobalSection(SolutionProperties) = preSolution
		HideSolutionNode = FALSE
	EndGlobalSection
	GlobalSection(NestedProjects) = preSolution
		{E0836235-0665-48A9-8E53-98237CA285EA} = {02FA8387-A4A7-4133-AF22-8AF1E7E1CCA5}
		{37B32242-C219-4799-A592-9CBBF68464EA} = {43238EE5-92DD-4B8A-8D9B-EB879F64FC06}
		{779F58A0-53A8-4FFB-A02C-1FA22CF66D53} = {6A113968-DFB8-4105-8B73-BF979F36ACAF}
		{86F56675-F746-4568-B434-00DED8FA43BD} = {1EAECC14-EFAC-4789-8CA6-C4C02E23FD62}
		{16BC664B-6A1E-4028-A733-CEDEAE4B04A2} = {86F56675-F746-4568-B434-00DED8FA43BD}
		{B32CE5A3-40B6-4499-A072-638DF058C8B0} = {86F56675-F746-4568-B434-00DED8FA43BD}
		{73BAA8CA-D5D2-44BB-8C40-EB73F57FFD1F} = {86F56675-F746-4568-B434-00DED8FA43BD}
		{DFD0817E-4488-416E-9129-BD961A4082F4} = {86F56675-F746-4568-B434-00DED8FA43BD}
		{2013046E-2206-4763-9FBA-63047C4D00EA} = {16BC664B-6A1E-4028-A733-CEDEAE4B04A2}
		{4620CFB0-462D-4443-B96E-C03C7816D76E} = {73BAA8CA-D5D2-44BB-8C40-EB73F57FFD1F}
		{D6E026D9-4032-4D81-82D4-4EDA9F373B3A} = {DFD0817E-4488-416E-9129-BD961A4082F4}
		{6509AC4C-602C-4B18-886D-2E5B28DE7109} = {B32CE5A3-40B6-4499-A072-638DF058C8B0}
	EndGlobalSection
	GlobalSection(ExtensibilityGlobals) = postSolution
		SolutionGuid = {B79FDAAE-B29F-4930-8C7E-AD3B755F922B}
	EndGlobalSection
EndGlobal
